# @generated - this file is auto-generated by `mise lock` https://mise.jdx.dev/dev-tools/mise-lock.html

[[tools."aqua:anchore/syft"]]
version = "1.45.1"
backend = "aqua:anchore/syft"

[tools."aqua:anchore/syft"."platforms.linux-arm64"]
checksum = "sha256:7df9f45cba1f6358ecfc7fac349d43b4605137001f9646b41267abe15a7c6cd7"
url = "https://github.com/anchore/syft/releases/download/v1.45.1/syft_1.45.1_linux_arm64.tar.gz"
url_api = "https://api.github.com/repos/anchore/syft/releases/assets/439373968"

[tools."aqua:anchore/syft"."platforms.linux-arm64-musl"]
checksum = "sha256:7df9f45cba1f6358ecfc7fac349d43b4605137001f9646b41267abe15a7c6cd7"
url = "https://github.com/anchore/syft/releases/download/v1.45.1/syft_1.45.1_linux_arm64.tar.gz"
url_api = "https://api.github.com/repos/anchore/syft/releases/assets/439373968"

[tools."aqua:anchore/syft"."platforms.linux-x64"]
checksum = "sha256:20c84195e24927f50a3b2269946be51f4c4abc9d2f145fee7388b4199149f716"
url = "https://github.com/anchore/syft/releases/download/v1.45.1/syft_1.45.1_linux_amd64.tar.gz"
url_api = "https://api.github.com/repos/anchore/syft/releases/assets/439373963"

[tools."aqua:anchore/syft"."platforms.linux-x64-musl"]
checksum = "sha256:20c84195e24927f50a3b2269946be51f4c4abc9d2f145fee7388b4199149f716"
url = "https://github.com/anchore/syft/releases/download/v1.45.1/syft_1.45.1_linux_amd64.tar.gz"
url_api = "https://api.github.com/repos/anchore/syft/releases/assets/439373963"

[tools."aqua:anchore/syft"."platforms.macos-arm64"]
checksum = "sha256:2f79ccbba6236636125d1ece60a6dc71d4e4f91b9f580cc2afbbafc763ff353d"
url = "https://github.com/anchore/syft/releases/download/v1.45.1/syft_1.45.1_darwin_arm64.tar.gz"
url_api = "https://api.github.com/repos/anchore/syft/releases/assets/439373975"

[tools."aqua:anchore/syft"."platforms.macos-x64"]
checksum = "sha256:abe6e73b819f433b69ece755dc180a19c7694896062bf806f89d0e3ca5db710a"
url = "https://github.com/anchore/syft/releases/download/v1.45.1/syft_1.45.1_darwin_amd64.tar.gz"
url_api = "https://api.github.com/repos/anchore/syft/releases/assets/439373967"

[tools."aqua:anchore/syft"."platforms.windows-x64"]
checksum = "sha256:a9d12c26521e09213745884b8b7dc361dff83188c3a1ada0da1af71012dbcd52"
url = "https://github.com/anchore/syft/releases/download/v1.45.1/syft_1.45.1_windows_amd64.zip"
url_api = "https://api.github.com/repos/anchore/syft/releases/assets/439373962"

[[tools."aqua:golangci/golangci-lint"]]
version = "2.12.2"
backend = "aqua:golangci/golangci-lint"

[tools."aqua:golangci/golangci-lint"."platforms.linux-arm64"]
checksum = "sha256:44cd40a8c76c86755375adfeea52cfd3533cb43d7bd647771e0ae065e166df3a"
url = "https://github.com/golangci/golangci-lint/releases/download/v2.12.2/golangci-lint-2.12.2-linux-arm64.tar.gz"
url_api = "https://api.github.com/repos/golangci/golangci-lint/releases/assets/413470996"
provenance = "github-attestations"

[tools."aqua:golangci/golangci-lint"."platforms.linux-arm64-musl"]
checksum = "sha256:44cd40a8c76c86755375adfeea52cfd3533cb43d7bd647771e0ae065e166df3a"
url = "https://github.com/golangci/golangci-lint/releases/download/v2.12.2/golangci-lint-2.12.2-linux-arm64.tar.gz"
url_api = "https://api.github.com/repos/golangci/golangci-lint/releases/assets/413470996"
provenance = "github-attestations"

[tools."aqua:golangci/golangci-lint"."platforms.linux-x64"]
checksum = "sha256:8df580d2670fed8fa984aac0507099af8df275e665215f5c7a2ae3943893a553"
url = "https://github.com/golangci/golangci-lint/releases/download/v2.12.2/golangci-lint-2.12.2-linux-amd64.tar.gz"
url_api = "https://api.github.com/repos/golangci/golangci-lint/releases/assets/413471054"
provenance = "github-attestations"

[tools."aqua:golangci/golangci-lint"."platforms.linux-x64-musl"]
checksum = "sha256:8df580d2670fed8fa984aac0507099af8df275e665215f5c7a2ae3943893a553"
url = "https://github.com/golangci/golangci-lint/releases/download/v2.12.2/golangci-lint-2.12.2-linux-amd64.tar.gz"
url_api = "https://api.github.com/repos/golangci/golangci-lint/releases/assets/413471054"
provenance = "github-attestations"

[tools."aqua:golangci/golangci-lint"."platforms.macos-arm64"]
checksum = "sha256:a9c54498731b3128f79e090be6110f3e5fffccc617b08142ed244d4126c73f29"
url = "https://github.com/golangci/golangci-lint/releases/download/v2.12.2/golangci-lint-2.12.2-darwin-arm64.tar.gz"
url_api = "https://api.github.com/repos/golangci/golangci-lint/releases/assets/413470950"
provenance = "github-attestations"

[tools."aqua:golangci/golangci-lint"."platforms.macos-x64"]
checksum = "sha256:f6f06d94b6241521c53d15450c5209b028270bf966f842afb11c030c79f5bc16"
url = "https://github.com/golangci/golangci-lint/releases/download/v2.12.2/golangci-lint-2.12.2-darwin-amd64.tar.gz"
url_api = "https://api.github.com/repos/golangci/golangci-lint/releases/assets/413470980"
provenance = "github-attestations"

[tools."aqua:golangci/golangci-lint"."platforms.windows-x64"]
checksum = "sha256:bd42e3ebc8cb4ececb86941983baaf1dc221bbb04d838e94ce63b49cc91e02bb"
url = "https://github.com/golangci/golangci-lint/releases/download/v2.12.2/golangci-lint-2.12.2-windows-amd64.zip"
url_api = "https://api.github.com/repos/golangci/golangci-lint/releases/assets/413471017"
provenance = "github-attestations"

[[tools."aqua:goreleaser/goreleaser"]]
version = "2.16.0"
backend = "aqua:goreleaser/goreleaser"

[tools."aqua:goreleaser/goreleaser"."platforms.linux-arm64"]
checksum = "sha256:0102d974373fcdeb77042d1f5897caffa193be36620fdc6c1da43a01ef8e10d3"
url = "https://github.com/goreleaser/goreleaser/releases/download/v2.16.0/goreleaser_Linux_arm64.tar.gz"
url_api = "https://api.github.com/repos/goreleaser/goreleaser/releases/assets/428676998"
provenance = "github-attestations"

[tools."aqua:goreleaser/goreleaser"."platforms.linux-arm64-musl"]
checksum = "sha256:0102d974373fcdeb77042d1f5897caffa193be36620fdc6c1da43a01ef8e10d3"
url = "https://github.com/goreleaser/goreleaser/releases/download/v2.16.0/goreleaser_Linux_arm64.tar.gz"
url_api = "https://api.github.com/repos/goreleaser/goreleaser/releases/assets/428676998"
provenance = "github-attestations"

[tools."aqua:goreleaser/goreleaser"."platforms.linux-x64"]
checksum = "sha256:eaae05b5eba07533bd0f06846b68c808399504784df00c62eb219541fc04e5e2"
url = "https://github.com/goreleaser/goreleaser/releases/download/v2.16.0/goreleaser_Linux_x86_64.tar.gz"
url_api = "https://api.github.com/repos/goreleaser/goreleaser/releases/assets/428676974"
provenance = "github-attestations"

[tools."aqua:goreleaser/goreleaser"."platforms.linux-x64-musl"]
checksum = "sha256:eaae05b5eba07533bd0f06846b68c808399504784df00c62eb219541fc04e5e2"
url = "https://github.com/goreleaser/goreleaser/releases/download/v2.16.0/goreleaser_Linux_x86_64.tar.gz"
url_api = "https://api.github.com/repos/goreleaser/goreleaser/releases/assets/428676974"
provenance = "github-attestations"

[tools."aqua:goreleaser/goreleaser"."platforms.macos-arm64"]
checksum = "sha256:6a102e4d588fd3553a9ac7321ca6023a9f205843f4861ca35bd337dfa9e72ece"
url = "https://github.com/goreleaser/goreleaser/releases/download/v2.16.0/goreleaser_Darwin_all.tar.gz"
url_api = "https://api.github.com/repos/goreleaser/goreleaser/releases/assets/428677010"
provenance = "github-attestations"

[tools."aqua:goreleaser/goreleaser"."platforms.macos-x64"]
checksum = "sha256:6a102e4d588fd3553a9ac7321ca6023a9f205843f4861ca35bd337dfa9e72ece"
url = "https://github.com/goreleaser/goreleaser/releases/download/v2.16.0/goreleaser_Darwin_all.tar.gz"
url_api = "https://api.github.com/repos/goreleaser/goreleaser/releases/assets/428677010"
provenance = "github-attestations"

[tools."aqua:goreleaser/goreleaser"."platforms.windows-x64"]
checksum = "sha256:6fe5eda11f0bcac8069aff3ef3dcb0b11816c9e95f89773595564697a5278bc9"
url = "https://github.com/goreleaser/goreleaser/releases/download/v2.16.0/goreleaser_Windows_x86_64.zip"
url_api = "https://api.github.com/repos/goreleaser/goreleaser/releases/assets/428676991"
provenance = "github-attestations"

[[tools."aqua:gotestyourself/gotestsum"]]
version = "1.13.0"
backend = "aqua:gotestyourself/gotestsum"

[tools."aqua:gotestyourself/gotestsum"."platforms.linux-arm64"]
checksum = "sha256:7644a4c5cd1bb978d56245aeab25a586ac5ac62adebed20a399548867c13499d"
url = "https://github.com/gotestyourself/gotestsum/releases/download/v1.13.0/gotestsum_1.13.0_linux_arm64.tar.gz"
url_api = "https://api.github.com/repos/gotestyourself/gotestsum/releases/assets/291996834"

[tools."aqua:gotestyourself/gotestsum"."platforms.linux-arm64-musl"]
checksum = "sha256:7644a4c5cd1bb978d56245aeab25a586ac5ac62adebed20a399548867c13499d"
url = "https://github.com/gotestyourself/gotestsum/releases/download/v1.13.0/gotestsum_1.13.0_linux_arm64.tar.gz"
url_api = "https://api.github.com/repos/gotestyourself/gotestsum/releases/assets/291996834"

[tools."aqua:gotestyourself/gotestsum"."platforms.linux-x64"]
checksum = "sha256:11ccddeaf708ef228889f9fe2f68291a75b27013ddfc3b18156e094f5f40e8ee"
url = "https://github.com/gotestyourself/gotestsum/releases/download/v1.13.0/gotestsum_1.13.0_linux_amd64.tar.gz"
url_api = "https://api.github.com/repos/gotestyourself/gotestsum/releases/assets/291996833"

[tools."aqua:gotestyourself/gotestsum"."platforms.linux-x64-musl"]
checksum = "sha256:11ccddeaf708ef228889f9fe2f68291a75b27013ddfc3b18156e094f5f40e8ee"
url = "https://github.com/gotestyourself/gotestsum/releases/download/v1.13.0/gotestsum_1.13.0_linux_amd64.tar.gz"
url_api = "https://api.github.com/repos/gotestyourself/gotestsum/releases/assets/291996833"

[tools."aqua:gotestyourself/gotestsum"."platforms.macos-arm64"]
checksum = "sha256:509cb27aef747f48faf9bce424f59dcf79572c905204b990ee935bbfcc7fa0e9"
url = "https://github.com/gotestyourself/gotestsum/releases/download/v1.13.0/gotestsum_1.13.0_darwin_arm64.tar.gz"
url_api = "https://api.github.com/repos/gotestyourself/gotestsum/releases/assets/291996838"

[tools."aqua:gotestyourself/gotestsum"."platforms.macos-x64"]
checksum = "sha256:99529350f4c7b780b1efc543ca0d9721b09f0a4228f0efa9281261f58fefa05a"
url = "https://github.com/gotestyourself/gotestsum/releases/download/v1.13.0/gotestsum_1.13.0_darwin_amd64.tar.gz"
url_api = "https://api.github.com/repos/gotestyourself/gotestsum/releases/assets/291996829"

[tools."aqua:gotestyourself/gotestsum"."platforms.windows-x64"]
checksum = "sha256:fd5a6dc69e46a0970593e70d85a7e75f16714e9c61d6d72ccc324eb82df5bb8a"
url = "https://github.com/gotestyourself/gotestsum/releases/download/v1.13.0/gotestsum_1.13.0_windows_amd64.tar.gz"
url_api = "https://api.github.com/repos/gotestyourself/gotestsum/releases/assets/291996823"

[[tools."aqua:hashicorp/terraform"]]
version = "1.15.7"
backend = "aqua:hashicorp/terraform"

[tools."aqua:hashicorp/terraform"."platforms.linux-arm64"]
checksum = "sha256:7a9e92105ede978cf9049a2fbe53dfe67c6a8da4b4d7f613d89e7dd7c63ec40d"
url = "https://releases.hashicorp.com/terraform/1.15.7/terraform_1.15.7_linux_arm64.zip"

[tools."aqua:hashicorp/terraform"."platforms.linux-arm64-musl"]
checksum = "sha256:7a9e92105ede978cf9049a2fbe53dfe67c6a8da4b4d7f613d89e7dd7c63ec40d"
url = "https://releases.hashicorp.com/terraform/1.15.7/terraform_1.15.7_linux_arm64.zip"

[tools."aqua:hashicorp/terraform"."platforms.linux-x64"]
checksum = "sha256:73bbb8f5188ad75d4fb853fd100ae4d7e146ef7af7db18776109642fdb7759d2"
url = "https://releases.hashicorp.com/terraform/1.15.7/terraform_1.15.7_linux_amd64.zip"

[tools."aqua:hashicorp/terraform"."platforms.linux-x64-musl"]
checksum = "sha256:73bbb8f5188ad75d4fb853fd100ae4d7e146ef7af7db18776109642fdb7759d2"
url = "https://releases.hashicorp.com/terraform/1.15.7/terraform_1.15.7_linux_amd64.zip"

[tools."aqua:hashicorp/terraform"."platforms.macos-arm64"]
checksum = "sha256:711791bf41365137a9a4adbf3e4c4a18dd7389d45c6a3039e3c6946bc750080e"
url = "https://releases.hashicorp.com/terraform/1.15.7/terraform_1.15.7_darwin_arm64.zip"

[tools."aqua:hashicorp/terraform"."platforms.macos-x64"]
checksum = "sha256:7f7a055e4d0c9dddb19cb14058fc885df139fdd4e987fffff6bf82993ac6a1a3"
url = "https://releases.hashicorp.com/terraform/1.15.7/terraform_1.15.7_darwin_amd64.zip"

[tools."aqua:hashicorp/terraform"."platforms.windows-x64"]
checksum = "sha256:1644891f1d02dea989daed9a39c564ebdc80e13c9a7e42e713fba84d7f53b8f6"
url = "https://releases.hashicorp.com/terraform/1.15.7/terraform_1.15.7_windows_amd64.zip"

[[tools."aqua:rhysd/actionlint"]]
version = "1.7.12"
backend = "aqua:rhysd/actionlint"

[tools."aqua:rhysd/actionlint"."platforms.linux-arm64"]
checksum = "sha256:325e971b6ba9bfa504672e29be93c24981eeb1c07576d730e9f7c8805afff0c6"
url = "https://github.com/rhysd/actionlint/releases/download/v1.7.12/actionlint_1.7.12_linux_arm64.tar.gz"
url_api = "https://api.github.com/repos/rhysd/actionlint/releases/assets/384924897"
provenance = "github-attestations"

[tools."aqua:rhysd/actionlint"."platforms.linux-arm64-musl"]
checksum = "sha256:325e971b6ba9bfa504672e29be93c24981eeb1c07576d730e9f7c8805afff0c6"
url = "https://github.com/rhysd/actionlint/releases/download/v1.7.12/actionlint_1.7.12_linux_arm64.tar.gz"
url_api = "https://api.github.com/repos/rhysd/actionlint/releases/assets/384924897"
provenance = "github-attestations"

[tools."aqua:rhysd/actionlint"."platforms.linux-x64"]
checksum = "sha256:8aca8db96f1b94770f1b0d72b6dddcb1ebb8123cb3712530b08cc387b349a3d8"
url = "https://github.com/rhysd/actionlint/releases/download/v1.7.12/actionlint_1.7.12_linux_amd64.tar.gz"
url_api = "https://api.github.com/repos/rhysd/actionlint/releases/assets/384924896"
provenance = "github-attestations"

[tools."aqua:rhysd/actionlint"."platforms.linux-x64-musl"]
checksum = "sha256:8aca8db96f1b94770f1b0d72b6dddcb1ebb8123cb3712530b08cc387b349a3d8"
url = "https://github.com/rhysd/actionlint/releases/download/v1.7.12/actionlint_1.7.12_linux_amd64.tar.gz"
url_api = "https://api.github.com/repos/rhysd/actionlint/releases/assets/384924896"
provenance = "github-attestations"

[tools."aqua:rhysd/actionlint"."platforms.macos-arm64"]
checksum = "sha256:aba9ced2dee8d27fecca3dc7feb1a7f9a52caefa1eb46f3271ea66b6e0e6953f"
url = "https://github.com/rhysd/actionlint/releases/download/v1.7.12/actionlint_1.7.12_darwin_arm64.tar.gz"
url_api = "https://api.github.com/repos/rhysd/actionlint/releases/assets/384924893"
provenance = "github-attestations"

[tools."aqua:rhysd/actionlint"."platforms.macos-x64"]
checksum = "sha256:5b44c3bc2255115c9b69e30efc0fecdf498fdb63c5d58e17084fd5f16324c644"
url = "https://github.com/rhysd/actionlint/releases/download/v1.7.12/actionlint_1.7.12_darwin_amd64.tar.gz"
url_api = "https://api.github.com/repos/rhysd/actionlint/releases/assets/384924880"
provenance = "github-attestations"

[tools."aqua:rhysd/actionlint"."platforms.windows-x64"]
checksum = "sha256:6e7241b51e6817ea6a047693d8e6fed13b31819c9a0dd6c5a726e1592d22f6e9"
url = "https://github.com/rhysd/actionlint/releases/download/v1.7.12/actionlint_1.7.12_windows_amd64.zip"
url_api = "https://api.github.com/repos/rhysd/actionlint/releases/assets/384924919"
provenance = "github-attestations"

[[tools."aqua:terraform-docs/terraform-docs"]]
version = "0.24.0"
backend = "aqua:terraform-docs/terraform-docs"

[tools."aqua:terraform-docs/terraform-docs"."platforms.linux-arm64"]
checksum = "sha256:d12bd7b73c1fc9c64efc79f8157dd713dabd559f1ecf3cfc0f42e32279a155fd"
url = "https://github.com/terraform-docs/terraform-docs/releases/download/v0.24.0/terraform-docs-v0.24.0-linux-arm64.tar.gz"
url_api = "https://api.github.com/repos/terraform-docs/terraform-docs/releases/assets/416956212"

[tools."aqua:terraform-docs/terraform-docs"."platforms.linux-arm64-musl"]
checksum = "sha256:d12bd7b73c1fc9c64efc79f8157dd713dabd559f1ecf3cfc0f42e32279a155fd"
url = "https://github.com/terraform-docs/terraform-docs/releases/download/v0.24.0/terraform-docs-v0.24.0-linux-arm64.tar.gz"
url_api = "https://api.github.com/repos/terraform-docs/terraform-docs/releases/assets/416956212"

[tools."aqua:terraform-docs/terraform-docs"."platforms.linux-x64"]
checksum = "sha256:9005daf969de0b50134493a2c00078b49f5f5b39d021cda7c89bf4d4f3d776d3"
url = "https://github.com/terraform-docs/terraform-docs/releases/download/v0.24.0/terraform-docs-v0.24.0-linux-amd64.tar.gz"
url_api = "https://api.github.com/repos/terraform-docs/terraform-docs/releases/assets/416956208"

[tools."aqua:terraform-docs/terraform-docs"."platforms.linux-x64-musl"]
checksum = "sha256:9005daf969de0b50134493a2c00078b49f5f5b39d021cda7c89bf4d4f3d776d3"
url = "https://github.com/terraform-docs/terraform-docs/releases/download/v0.24.0/terraform-docs-v0.24.0-linux-amd64.tar.gz"
url_api = "https://api.github.com/repos/terraform-docs/terraform-docs/releases/assets/416956208"

[tools."aqua:terraform-docs/terraform-docs"."platforms.macos-arm64"]
checksum = "sha256:f6b114f4b032f3f9202ab6c23bfd28c3c8e68aeeb8a8f12fc118bf2073081d71"
url = "https://github.com/terraform-docs/terraform-docs/releases/download/v0.24.0/terraform-docs-v0.24.0-darwin-arm64.tar.gz"
url_api = "https://api.github.com/repos/terraform-docs/terraform-docs/releases/assets/416956237"

[tools."aqua:terraform-docs/terraform-docs"."platforms.macos-x64"]
checksum = "sha256:3c3f7f18f908457fd1209cbe341418f7f6bae78c08126cfbe8de0d1b06aa8781"
url = "https://github.com/terraform-docs/terraform-docs/releases/download/v0.24.0/terraform-docs-v0.24.0-darwin-amd64.tar.gz"
url_api = "https://api.github.com/repos/terraform-docs/terraform-docs/releases/assets/416956256"

[tools."aqua:terraform-docs/terraform-docs"."platforms.windows-x64"]
checksum = "sha256:afc02cbdf63726d3e5fb26a077ca1f24acd4820d7e44c21b03a3e030f9266490"
url = "https://github.com/terraform-docs/terraform-docs/releases/download/v0.24.0/terraform-docs-v0.24.0-windows-amd64.zip"
url_api = "https://api.github.com/repos/terraform-docs/terraform-docs/releases/assets/416956245"

[[tools."aqua:terraform-linters/tflint"]]
version = "0.63.1"
backend = "aqua:terraform-linters/tflint"

[tools."aqua:terraform-linters/tflint"."platforms.linux-arm64"]
checksum = "sha256:6d858ca7f11858c3fe3c5e29cc746823abccb55e2d2e2da130fa7ad7ea4eecb8"
url = "https://github.com/terraform-linters/tflint/releases/download/v0.63.1/tflint_linux_arm64.zip"
url_api = "https://api.github.com/repos/terraform-linters/tflint/releases/assets/437446187"
provenance = "github-attestations"

[tools."aqua:terraform-linters/tflint"."platforms.linux-arm64-musl"]
checksum = "sha256:6d858ca7f11858c3fe3c5e29cc746823abccb55e2d2e2da130fa7ad7ea4eecb8"
url = "https://github.com/terraform-linters/tflint/releases/download/v0.63.1/tflint_linux_arm64.zip"
url_api = "https://api.github.com/repos/terraform-linters/tflint/releases/assets/437446187"
provenance = "github-attestations"

[tools."aqua:terraform-linters/tflint"."platforms.linux-x64"]
checksum = "sha256:8441a7d97df20431f19c9b9d27ff4c63e308c964e86660bc7cc0cf7bbe0725e8"
url = "https://github.com/terraform-linters/tflint/releases/download/v0.63.1/tflint_linux_amd64.zip"
url_api = "https://api.github.com/repos/terraform-linters/tflint/releases/assets/437446150"
provenance = "github-attestations"

[tools."aqua:terraform-linters/tflint"."platforms.linux-x64-musl"]
checksum = "sha256:8441a7d97df20431f19c9b9d27ff4c63e308c964e86660bc7cc0cf7bbe0725e8"
url = "https://github.com/terraform-linters/tflint/releases/download/v0.63.1/tflint_linux_amd64.zip"
url_api = "https://api.github.com/repos/terraform-linters/tflint/releases/assets/437446150"
provenance = "github-attestations"

[tools."aqua:terraform-linters/tflint"."platforms.macos-arm64"]
checksum = "sha256:6aab157b22367dcab1635b370e98d6e791d9b40b021d4f9baef010d88f53e16b"
url = "https://github.com/terraform-linters/tflint/releases/download/v0.63.1/tflint_darwin_arm64.zip"
url_api = "https://api.github.com/repos/terraform-linters/tflint/releases/assets/437446148"
provenance = "github-attestations"

[tools."aqua:terraform-linters/tflint"."platforms.macos-x64"]
checksum = "sha256:1a22782473e4a01f0dd23edc649bed4420655a9e3459ffc06951e698eed7ad01"
url = "https://github.com/terraform-linters/tflint/releases/download/v0.63.1/tflint_darwin_amd64.zip"
url_api = "https://api.github.com/repos/terraform-linters/tflint/releases/assets/437446152"
provenance = "github-attestations"

[tools."aqua:terraform-linters/tflint"."platforms.windows-x64"]
checksum = "sha256:5fbfb643b83c4ad489bde15a0e0d46e53dc9aa8dfa76d25da3c4bd2698a41a19"
url = "https://github.com/terraform-linters/tflint/releases/download/v0.63.1/tflint_windows_amd64.zip"
url_api = "https://api.github.com/repos/terraform-linters/tflint/releases/assets/437446181"
provenance = "github-attestations"

[[tools."github:bitwise-media-group/dotty"]]
version = "0.1.1"
backend = "github:bitwise-media-group/dotty"

[tools."github:bitwise-media-group/dotty"."platforms.linux-arm64"]
checksum = "sha256:821f8a11dc311ec69186aee60afb8fbe668be6c1686cc16b67965c6eb1fda8a2"
url = "https://github.com/bitwise-media-group/dotty/releases/download/v0.1.1/dotty_0.1.1_linux_arm64.tar.gz"
url_api = "https://api.github.com/repos/bitwise-media-group/dotty/releases/assets/462680539"
provenance = "github-attestations"

[tools."github:bitwise-media-group/dotty"."platforms.linux-arm64-musl"]
checksum = "sha256:821f8a11dc311ec69186aee60afb8fbe668be6c1686cc16b67965c6eb1fda8a2"
url = "https://github.com/bitwise-media-group/dotty/releases/download/v0.1.1/dotty_0.1.1_linux_arm64.tar.gz"
url_api = "https://api.github.com/repos/bitwise-media-group/dotty/releases/assets/462680539"
provenance = "github-attestations"

[tools."github:bitwise-media-group/dotty"."platforms.linux-x64"]
checksum = "sha256:bc10a258e46e9f035c99e508bead34903889ac8ace01d1f6889eb4e59915e7bc"
url = "https://github.com/bitwise-media-group/dotty/releases/download/v0.1.1/dotty_0.1.1_linux_amd64.tar.gz"
url_api = "https://api.github.com/repos/bitwise-media-group/dotty/releases/assets/462680542"
provenance = "github-attestations"

[tools."github:bitwise-media-group/dotty"."platforms.linux-x64-musl"]
checksum = "sha256:bc10a258e46e9f035c99e508bead34903889ac8ace01d1f6889eb4e59915e7bc"
url = "https://github.com/bitwise-media-group/dotty/releases/download/v0.1.1/dotty_0.1.1_linux_amd64.tar.gz"
url_api = "https://api.github.com/repos/bitwise-media-group/dotty/releases/assets/462680542"
provenance = "github-attestations"

[tools."github:bitwise-media-group/dotty"."platforms.macos-arm64"]
checksum = "sha256:8ae250b0f03043f49c69cf437973dda07d478fd16f2e01b1fc548db5e026c60d"
url = "https://github.com/bitwise-media-group/dotty/releases/download/v0.1.1/dotty_0.1.1_darwin_arm64.tar.gz"
url_api = "https://api.github.com/repos/bitwise-media-group/dotty/releases/assets/462680538"
provenance = "github-attestations"

[tools."github:bitwise-media-group/dotty"."platforms.macos-x64"]
checksum = "sha256:d710b3afd91571ecf7ae811cdfbe49aae23dc5661b2d6c9a1004445541449f68"
url = "https://github.com/bitwise-media-group/dotty/releases/download/v0.1.1/dotty_0.1.1_darwin_amd64.tar.gz"
url_api = "https://api.github.com/repos/bitwise-media-group/dotty/releases/assets/462680541"
provenance = "github-attestations"

[[tools."github:bitwise-media-group/evolve"]]
version = "0.5.0"
backend = "github:bitwise-media-group/evolve"

[tools."github:bitwise-media-group/evolve"."platforms.linux-arm64"]
checksum = "sha256:e0ab031f342f60d27c7b907fa6b868f9d118e114bbf7c4597b824979b79896e6"
url = "https://github.com/bitwise-media-group/evolve/releases/download/v0.5.0/evolve_0.5.0_linux_arm64.tar.gz"
url_api = "https://api.github.com/repos/bitwise-media-group/evolve/releases/assets/463080788"
provenance = "github-attestations"

[tools."github:bitwise-media-group/evolve"."platforms.linux-arm64-musl"]
checksum = "sha256:e0ab031f342f60d27c7b907fa6b868f9d118e114bbf7c4597b824979b79896e6"
url = "https://github.com/bitwise-media-group/evolve/releases/download/v0.5.0/evolve_0.5.0_linux_arm64.tar.gz"
url_api = "https://api.github.com/repos/bitwise-media-group/evolve/releases/assets/463080788"
provenance = "github-attestations"

[tools."github:bitwise-media-group/evolve"."platforms.linux-x64"]
checksum = "sha256:906657a50d8360a267f9ddf595fda41425781d360f8f8848b76a0564980fc769"
url = "https://github.com/bitwise-media-group/evolve/releases/download/v0.5.0/evolve_0.5.0_linux_amd64.tar.gz"
url_api = "https://api.github.com/repos/bitwise-media-group/evolve/releases/assets/463080795"
provenance = "github-attestations"

[tools."github:bitwise-media-group/evolve"."platforms.linux-x64-musl"]
checksum = "sha256:906657a50d8360a267f9ddf595fda41425781d360f8f8848b76a0564980fc769"
url = "https://github.com/bitwise-media-group/evolve/releases/download/v0.5.0/evolve_0.5.0_linux_amd64.tar.gz"
url_api = "https://api.github.com/repos/bitwise-media-group/evolve/releases/assets/463080795"
provenance = "github-attestations"

[tools."github:bitwise-media-group/evolve"."platforms.macos-arm64"]
checksum = "sha256:5d7906a9e49be37b8201eff5bbc13f313a444f695935395243ae870df3663d72"
url = "https://github.com/bitwise-media-group/evolve/releases/download/v0.5.0/evolve_0.5.0_darwin_arm64.tar.gz"
url_api = "https://api.github.com/repos/bitwise-media-group/evolve/releases/assets/463080789"
provenance = "github-attestations"

[tools."github:bitwise-media-group/evolve"."platforms.macos-x64"]
checksum = "sha256:a2e25d40839289ed100ab77d080993e906362c00574f91b655f6736360424a0d"
url = "https://github.com/bitwise-media-group/evolve/releases/download/v0.5.0/evolve_0.5.0_darwin_amd64.tar.gz"
url_api = "https://api.github.com/repos/bitwise-media-group/evolve/releases/assets/463080793"
provenance = "github-attestations"

[tools."github:bitwise-media-group/evolve"."platforms.windows-x64"]
checksum = "sha256:84a624de29780106104227de225756758a6be02290e7899172613c9dd9befef6"
url = "https://github.com/bitwise-media-group/evolve/releases/download/v0.5.0/evolve_0.5.0_windows_amd64.zip"
url_api = "https://api.github.com/repos/bitwise-media-group/evolve/releases/assets/463080803"
provenance = "github-attestations"

[[tools.go]]
version = "1.26.4"
backend = "core:go"

[tools.go."platforms.linux-arm64"]
checksum = "sha256:ef758ae7c6cf9267c9c0ef080b8965f453d89ab2d25d9eb22de4405925238768"
url = "https://dl.google.com/go/go1.26.4.linux-arm64.tar.gz"

[tools.go."platforms.linux-arm64-musl"]
checksum = "sha256:ef758ae7c6cf9267c9c0ef080b8965f453d89ab2d25d9eb22de4405925238768"
url = "https://dl.google.com/go/go1.26.4.linux-arm64.tar.gz"

[tools.go."platforms.linux-x64"]
checksum = "sha256:1153d3d50e0ac764b447adfe05c2bcf08e889d42a02e0fe0259bd47f6733ad7f"
url = "https://dl.google.com/go/go1.26.4.linux-amd64.tar.gz"

[tools.go."platforms.linux-x64-musl"]
checksum = "sha256:1153d3d50e0ac764b447adfe05c2bcf08e889d42a02e0fe0259bd47f6733ad7f"
url = "https://dl.google.com/go/go1.26.4.linux-amd64.tar.gz"

[tools.go."platforms.macos-arm64"]
checksum = "sha256:b62ad2b6d7d2464f12a5bcad7ff47f19d08325773b5efd21610e445a05a9bf53"
url = "https://dl.google.com/go/go1.26.4.darwin-arm64.tar.gz"

[tools.go."platforms.macos-x64"]
checksum = "sha256:05dc9b5f9997744520aaebb3d5deaa7c755371aebbfb7f97c2511a9f3367538d"
url = "https://dl.google.com/go/go1.26.4.darwin-amd64.tar.gz"

[tools.go."platforms.windows-x64"]
checksum = "sha256:3ca8fb4630b07c419cbdd51f754e31363cfcfb83b3a5354d9e895c90be2cc345"
url = "https://dl.google.com/go/go1.26.4.windows-amd64.zip"

[[tools."go:golang.org/x/vuln/cmd/govulncheck"]]
version = "1.3.0"
backend = "go:golang.org/x/vuln/cmd/govulncheck"

[[tools.node]]
version = "24.18.0"
backend = "core:node"

[tools.node."platforms.linux-arm64"]
checksum = "sha256:6b4484c2190274175df9aa8f28e2d758a819cb1c1fe6ab481e2f95b463ab8508"
url = "https://nodejs.org/dist/v24.18.0/node-v24.18.0-linux-arm64.tar.gz"

[tools.node."platforms.linux-arm64-musl"]
checksum = "sha256:b1c6c2dc31b46dd8fb2322f4fe75b07e775c5120bc37251deeea28f529d4567b"
url = "https://unofficial-builds.nodejs.org/download/release/v24.18.0/node-v24.18.0-linux-arm64-musl.tar.gz"

[tools.node."platforms.linux-x64"]
checksum = "sha256:783130984963db7ba9cbd01089eaf2c2efb055c7c1693c943174b967b3050cb8"
url = "https://nodejs.org/dist/v24.18.0/node-v24.18.0-linux-x64.tar.gz"

[tools.node."platforms.linux-x64-musl"]
checksum = "sha256:ea58409911e141ec6b19d9178efa2d9185a13295005b1cbf5521b3157eed1d95"
url = "https://unofficial-builds.nodejs.org/download/release/v24.18.0/node-v24.18.0-linux-x64-musl.tar.gz"

[tools.node."platforms.macos-arm64"]
checksum = "sha256:e1a97e14c99c803e96c7339403282ea05a499c32f8d83defe9ef5ec66f979ed1"
url = "https://nodejs.org/dist/v24.18.0/node-v24.18.0-darwin-arm64.tar.gz"

[tools.node."platforms.macos-x64"]
checksum = "sha256:dfd0dbd3e721503434df7b7205e719f61b3a3a31b2bcf9729b8b91fea240f080"
url = "https://nodejs.org/dist/v24.18.0/node-v24.18.0-darwin-x64.tar.gz"

[tools.node."platforms.windows-x64"]
checksum = "sha256:0ae68406b42d7725661da979b1403ec9926da205c6770827f33aac9d8f26e821"
url = "https://nodejs.org/dist/v24.18.0/node-v24.18.0-win-x64.zip"

[[tools."npm:markdownlint-cli2"]]
version = "0.22.1"
backend = "npm:markdownlint-cli2"

[[tools."npm:prettier"]]
version = "3.8.5"
backend = "npm:prettier"

[[tools."ubi:google/addlicense"]]
version = "1.2.0"
backend = "ubi:google/addlicense"
